// !$*UTF8*$!
{
	archiveVersion = 1;
	classes = {
	};
	objectVersion = 56;
	objects = {

/* Begin PBXBuildFile section */
		8A3FD6152A4C1061005D94B9 /* AppDelegate.swift in Sources */ = {isa = PBXBuildFile; fileRef = 8A3FD6142A4C1061005D94B9 /* AppDelegate.swift */; };
		8A3FD6172A4C1061005D94B9 /* SceneDelegate.swift in Sources */ = {isa = PBXBuildFile; fileRef = 8A3FD6162A4C1061005D94B9 /* SceneDelegate.swift */; };
		8A3FD6192A4C1061005D94B9 /* ViewController.swift in Sources */ = {isa = PBXBuildFile; fileRef = 8A3FD6182A4C1061005D94B9 /* ViewController.swift */; };
		8A3FD61E2A4C1062005D94B9 /* Assets.xcassets in Resources */ = {isa = PBXBuildFile; fileRef = 8A3FD61D2A4C1062005D94B9 /* Assets.xcassets */; };
		8A3FD6212A4C1062005D94B9 /* LaunchScreen.storyboard in Resources */ = {isa = PBXBuildFile; fileRef = 8A3FD61F2A4C1062005D94B9 /* LaunchScreen.storyboard */; };
		8A3FD62F2A4D3935005D94B9 /* FirstTabBar.swift in Sources */ = {isa = PBXBuildFile; fileRef = 8A3FD62E2A4D3935005D94B9 /* FirstTabBar.swift */; };
		8A3FD6312A4D393A005D94B9 /* SecondTabBar.swift in Sources */ = {isa = PBXBuildFile; fileRef = 8A3FD6302A4D393A005D94B9 /* SecondTabBar.swift */; };
		8A3FD6332A4D42D3005D94B9 /* ThirdTabBar.swift in Sources */ = {isa = PBXBuildFile; fileRef = 8A3FD6322A4D42D3005D94B9 /* ThirdTabBar.swift */; };
		8A3FD6362A4D440E005D94B9 /* Lottie in Frameworks */ = {isa = PBXBuildFile; productRef = 8A3FD6352A4D440E005D94B9 /* Lottie */; };
		8A3FD6382A4D5771005D94B9 /* netflix.json in Resources */ = {isa = PBXBuildFile; fileRef = 8A3FD6372A4D5771005D94B9 /* netflix.json */; };
		8A3FD63A2A4D57C0005D94B9 /* StartView.swift in Sources */ = {isa = PBXBuildFile; fileRef = 8A3FD6392A4D57C0005D94B9 /* StartView.swift */; };
		8ACC66442A541B4600C9B66A /* Realm in Frameworks */ = {isa = PBXBuildFile; productRef = 8ACC66432A541B4600C9B66A /* Realm */; };
		8ACC66462A541B4600C9B66A /* RealmSwift in Frameworks */ = {isa = PBXBuildFile; productRef = 8ACC66452A541B4600C9B66A /* RealmSwift */; };
		8ACC66492A541CB800C9B66A /* User.swift in Sources */ = {isa = PBXBuildFile; fileRef = 8ACC66482A541CB800C9B66A /* User.swift */; };
		8ACC664B2A542F4D00C9B66A /* Netflix.swift in Sources */ = {isa = PBXBuildFile; fileRef = 8ACC664A2A542F4D00C9B66A /* Netflix.swift */; };
		8ACC664E2A543B3C00C9B66A /* Kingfisher in Frameworks */ = {isa = PBXBuildFile; productRef = 8ACC664D2A543B3C00C9B66A /* Kingfisher */; };
		8ACC66502A554B9E00C9B66A /* writeReviewModal.swift in Sources */ = {isa = PBXBuildFile; fileRef = 8ACC664F2A554B9E00C9B66A /* writeReviewModal.swift */; };
/* End PBXBuildFile section */

/* Begin PBXFileReference section */
		8A3FD6112A4C1061005D94B9 /* NetflixDiaryApp.app */ = {isa = PBXFileReference; explicitFileType = wrapper.application; includeInIndex = 0; path = NetflixDiaryApp.app; sourceTree = BUILT_PRODUCTS_DIR; };
		8A3FD6142A4C1061005D94B9 /* AppDelegate.swift */ = {isa = PBXFileReference; lastKnownFileType = sourcecode.swift; path = AppDelegate.swift; sourceTree = "<group>"; };
		8A3FD6162A4C1061005D94B9 /* SceneDelegate.swift */ = {isa = PBXFileReference; lastKnownFileType = sourcecode.swift; path = SceneDelegate.swift; sourceTree = "<group>"; };
		8A3FD6182A4C1061005D94B9 /* ViewController.swift */ = {isa = PBXFileReference; lastKnownFileType = sourcecode.swift; path = ViewController.swift; sourceTree = "<group>"; };
		8A3FD61D2A4C1062005D94B9 /* Assets.xcassets */ = {isa = PBXFileReference; lastKnownFileType = folder.assetcatalog; path = Assets.xcassets; sourceTree = "<group>"; };
		8A3FD6202A4C1062005D94B9 /* Base */ = {isa = PBXFileReference; lastKnownFileType = file.storyboard; name = Base; path = Base.lproj/LaunchScreen.storyboard; sourceTree = "<group>"; };
		8A3FD6222A4C1062005D94B9 /* Info.plist */ = {isa = PBXFileReference; lastKnownFileType = text.plist.xml; path = Info.plist; sourceTree = "<group>"; };
		8A3FD62E2A4D3935005D94B9 /* FirstTabBar.swift */ = {isa = PBXFileReference; lastKnownFileType = sourcecode.swift; path = FirstTabBar.swift; sourceTree = "<group>"; };
		8A3FD6302A4D393A005D94B9 /* SecondTabBar.swift */ = {isa = PBXFileReference; lastKnownFileType = sourcecode.swift; path = SecondTabBar.swift; sourceTree = "<group>"; };
		8A3FD6322A4D42D3005D94B9 /* ThirdTabBar.swift */ = {isa = PBXFileReference; lastKnownFileType = sourcecode.swift; path = ThirdTabBar.swift; sourceTree = "<group>"; };
		8A3FD6372A4D5771005D94B9 /* netflix.json */ = {isa = PBXFileReference; fileEncoding = 4; lastKnownFileType = text.json; path = netflix.json; sourceTree = "<group>"; };
		8A3FD6392A4D57C0005D94B9 /* StartView.swift */ = {isa = PBXFileReference; lastKnownFileType = sourcecode.swift; path = StartView.swift; sourceTree = "<group>"; };
		8ACC66482A541CB800C9B66A /* User.swift */ = {isa = PBXFileReference; lastKnownFileType = sourcecode.swift; path = User.swift; sourceTree = "<group>"; };
		8ACC664A2A542F4D00C9B66A /* Netflix.swift */ = {isa = PBXFileReference; lastKnownFileType = sourcecode.swift; path = Netflix.swift; sourceTree = "<group>"; };
		8ACC664F2A554B9E00C9B66A /* writeReviewModal.swift */ = {isa = PBXFileReference; lastKnownFileType = sourcecode.swift; path = writeReviewModal.swift; sourceTree = "<group>"; };
/* End PBXFileReference section */

/* Begin PBXFrameworksBuildPhase section */
		8A3FD60E2A4C1061005D94B9 /* Frameworks */ = {
			isa = PBXFrameworksBuildPhase;
			buildActionMask = 2147483647;
			files = (
				8ACC664E2A543B3C00C9B66A /* Kingfisher in Frameworks */,
				8ACC66462A541B4600C9B66A /* RealmSwift in Frameworks */,
				8ACC66442A541B4600C9B66A /* Realm in Frameworks */,
				8A3FD6362A4D440E005D94B9 /* Lottie in Frameworks */,
			);
			runOnlyForDeploymentPostprocessing = 0;
		};
/* End PBXFrameworksBuildPhase section */

/* Begin PBXGroup section */
		8A3FD6082A4C1061005D94B9 = {
			isa = PBXGroup;
			children = (
				8A3FD6132A4C1061005D94B9 /* NetflixDiaryApp */,
				8A3FD6122A4C1061005D94B9 /* Products */,
			);
			sourceTree = "<group>";
		};
		8A3FD6122A4C1061005D94B9 /* Products */ = {
			isa = PBXGroup;
			children = (
				8A3FD6112A4C1061005D94B9 /* NetflixDiaryApp.app */,
			);
			name = Products;
			sourceTree = "<group>";
		};
		8A3FD6132A4C1061005D94B9 /* NetflixDiaryApp */ = {
			isa = PBXGroup;
			children = (
				8ACC66472A541C9F00C9B66A /* Database */,
				8A3FD6142A4C1061005D94B9 /* AppDelegate.swift */,
				8A3FD6162A4C1061005D94B9 /* SceneDelegate.swift */,
				8A3FD6182A4C1061005D94B9 /* ViewController.swift */,
				8A3FD61D2A4C1062005D94B9 /* Assets.xcassets */,
				8A3FD61F2A4C1062005D94B9 /* LaunchScreen.storyboard */,
				8A3FD6222A4C1062005D94B9 /* Info.plist */,
				8A3FD62E2A4D3935005D94B9 /* FirstTabBar.swift */,
				8A3FD6302A4D393A005D94B9 /* SecondTabBar.swift */,
				8A3FD6322A4D42D3005D94B9 /* ThirdTabBar.swift */,
				8A3FD6372A4D5771005D94B9 /* netflix.json */,
				8A3FD6392A4D57C0005D94B9 /* StartView.swift */,
				8ACC664F2A554B9E00C9B66A /* writeReviewModal.swift */,
			);
			path = NetflixDiaryApp;
			sourceTree = "<group>";
		};
		8ACC66472A541C9F00C9B66A /* Database */ = {
			isa = PBXGroup;
			children = (
				8ACC66482A541CB800C9B66A /* User.swift */,
				8ACC664A2A542F4D00C9B66A /* Netflix.swift */,
			);
			path = Database;
			sourceTree = "<group>";
		};
/* End PBXGroup section */

/* Begin PBXNativeTarget section */
		8A3FD6102A4C1061005D94B9 /* NetflixDiaryApp */ = {
			isa = PBXNativeTarget;
			buildConfigurationList = 8A3FD6252A4C1062005D94B9 /* Build configuration list for PBXNativeTarget "NetflixDiaryApp" */;
			buildPhases = (
				8A3FD60D2A4C1061005D94B9 /* Sources */,
				8A3FD60E2A4C1061005D94B9 /* Frameworks */,
				8A3FD60F2A4C1061005D94B9 /* Resources */,
			);
			buildRules = (
			);
			dependencies = (
			);
			name = NetflixDiaryApp;
			packageProductDependencies = (
				8A3FD6352A4D440E005D94B9 /* Lottie */,
				8ACC66432A541B4600C9B66A /* Realm */,
				8ACC66452A541B4600C9B66A /* RealmSwift */,
				8ACC664D2A543B3C00C9B66A /* Kingfisher */,
			);
			productName = NetflixDiaryApp;
			productReference = 8A3FD6112A4C1061005D94B9 /* NetflixDiaryApp.app */;
			productType = "com.apple.product-type.application";
		};
/* End PBXNativeTarget section */

/* Begin PBXProject section */
		8A3FD6092A4C1061005D94B9 /* Project object */ = {
			isa = PBXProject;
			attributes = {
				BuildIndependentTargetsInParallel = 1;
				LastSwiftUpdateCheck = 1430;
				LastUpgradeCheck = 1430;
				TargetAttributes = {
					8A3FD6102A4C1061005D94B9 = {
						CreatedOnToolsVersion = 14.3.1;
					};
				};
			};
			buildConfigurationList = 8A3FD60C2A4C1061005D94B9 /* Build configuration list for PBXProject "NetflixDiaryApp" */;
			compatibilityVersion = "Xcode 14.0";
			developmentRegion = en;
			hasScannedForEncodings = 0;
			knownRegions = (
				en,
				Base,
			);
			mainGroup = 8A3FD6082A4C1061005D94B9;
			packageReferences = (
				8A3FD6342A4D440E005D94B9 /* XCRemoteSwiftPackageReference "lottie-ios" */,
				8ACC66422A541B4600C9B66A /* XCRemoteSwiftPackageReference "realm-swift" */,
				8ACC664C2A543B3C00C9B66A /* XCRemoteSwiftPackageReference "Kingfisher" */,
			);
			productRefGroup = 8A3FD6122A4C1061005D94B9 /* Products */;
			projectDirPath = "";
			projectRoot = "";
			targets = (
				8A3FD6102A4C1061005D94B9 /* NetflixDiaryApp */,
			);
		};
/* End PBXProject section */

/* Begin PBXResourcesBuildPhase section */
		8A3FD60F2A4C1061005D94B9 /* Resources */ = {
			isa = PBXResourcesBuildPhase;
			buildActionMask = 2147483647;
			files = (
				8A3FD6212A4C1062005D94B9 /* LaunchScreen.storyboard in Resources */,
				8A3FD61E2A4C1062005D94B9 /* Assets.xcassets in Resources */,
				8A3FD6382A4D5771005D94B9 /* netflix.json in Resources */,
			);
			runOnlyForDeploymentPostprocessing = 0;
		};
/* End PBXResourcesBuildPhase section */

/* Begin PBXSourcesBuildPhase section */
		8A3FD60D2A4C1061005D94B9 /* Sources */ = {
			isa = PBXSourcesBuildPhase;
			buildActionMask = 2147483647;
			files = (
				8A3FD6312A4D393A005D94B9 /* SecondTabBar.swift in Sources */,
				8ACC66502A554B9E00C9B66A /* writeReviewModal.swift in Sources */,
				8A3FD62F2A4D3935005D94B9 /* FirstTabBar.swift in Sources */,
				8A3FD6192A4C1061005D94B9 /* ViewController.swift in Sources */,
				8A3FD6152A4C1061005D94B9 /* AppDelegate.swift in Sources */,
				8ACC664B2A542F4D00C9B66A /* Netflix.swift in Sources */,
				8ACC66492A541CB800C9B66A /* User.swift in Sources */,
				8A3FD6172A4C1061005D94B9 /* SceneDelegate.swift in Sources */,
				8A3FD6332A4D42D3005D94B9 /* ThirdTabBar.swift in Sources */,
				8A3FD63A2A4D57C0005D94B9 /* StartView.swift in Sources */,
			);
			runOnlyForDeploymentPostprocessing = 0;
		};
/* End PBXSourcesBuildPhase section */

/* Begin PBXVariantGroup section */
		8A3FD61F2A4C1062005D94B9 /* LaunchScreen.storyboard */ = {
			isa = PBXVariantGroup;
			children = (
				8A3FD6202A4C1062005D94B9 /* Base */,
			);
			name = LaunchScreen.storyboard;
			sourceTree = "<group>";
		};
/* End PBXVariantGroup section */

/* Begin XCBuildConfiguration section */
		8A3FD6232A4C1062005D94B9 /* Debug */ = {
			isa = XCBuildConfiguration;
			buildSettings = {
				ALWAYS_SEARCH_USER_PATHS = NO;
				CLANG_ANALYZER_NONNULL = YES;
				CLANG_ANALYZER_NUMBER_OBJECT_CONVERSION = YES_AGGRESSIVE;
				CLANG_CXX_LANGUAGE_STANDARD = "gnu++20";
				CLANG_ENABLE_MODULES = YES;
				CLANG_ENABLE_OBJC_ARC = YES;
				CLANG_ENABLE_OBJC_WEAK = YES;
				CLANG_WARN_BLOCK_CAPTURE_AUTORELEASING = YES;
				CLANG_WARN_BOOL_CONVERSION = YES;
				CLANG_WARN_COMMA = YES;
				CLANG_WARN_CONSTANT_CONVERSION = YES;
				CLANG_WARN_DEPRECATED_OBJC_IMPLEMENTATIONS = YES;
				CLANG_WARN_DIRECT_OBJC_ISA_USAGE = YES_ERROR;
				CLANG_WARN_DOCUMENTATION_COMMENTS = YES;
				CLANG_WARN_EMPTY_BODY = YES;
				CLANG_WARN_ENUM_CONVERSION = YES;
				CLANG_WARN_INFINITE_RECURSION = YES;
				CLANG_WARN_INT_CONVERSION = YES;
				CLANG_WARN_NON_LITERAL_NULL_CONVERSION = YES;
				CLANG_WARN_OBJC_IMPLICIT_RETAIN_SELF = YES;
				CLANG_WARN_OBJC_LITERAL_CONVERSION = YES;
				CLANG_WARN_OBJC_ROOT_CLASS = YES_ERROR;
				CLANG_WARN_QUOTED_INCLUDE_IN_FRAMEWORK_HEADER = YES;
				CLANG_WARN_RANGE_LOOP_ANALYSIS = YES;
				CLANG_WARN_STRICT_PROTOTYPES = YES;
				CLANG_WARN_SUSPICIOUS_MOVE = YES;
				CLANG_WARN_UNGUARDED_AVAILABILITY = YES_AGGRESSIVE;
				CLANG_WARN_UNREACHABLE_CODE = YES;
				CLANG_WARN__DUPLICATE_METHOD_MATCH = YES;
				COPY_PHASE_STRIP = NO;
				DEBUG_INFORMATION_FORMAT = dwarf;
				ENABLE_STRICT_OBJC_MSGSEND = YES;
				ENABLE_TESTABILITY = YES;
				GCC_C_LANGUAGE_STANDARD = gnu11;
				GCC_DYNAMIC_NO_PIC = NO;
				GCC_NO_COMMON_BLOCKS = YES;
				GCC_OPTIMIZATION_LEVEL = 0;
				GCC_PREPROCESSOR_DEFINITIONS = (
					"DEBUG=1",
					"$(inherited)",
				);
				GCC_WARN_64_TO_32_BIT_CONVERSION = YES;
				GCC_WARN_ABOUT_RETURN_TYPE = YES_ERROR;
				GCC_WARN_UNDECLARED_SELECTOR = YES;
				GCC_WARN_UNINITIALIZED_AUTOS = YES_AGGRESSIVE;
				GCC_WARN_UNUSED_FUNCTION = YES;
				GCC_WARN_UNUSED_VARIABLE = YES;
				IPHONEOS_DEPLOYMENT_TARGET = 16.4;
				MTL_ENABLE_DEBUG_INFO = INCLUDE_SOURCE;
				MTL_FAST_MATH = YES;
				ONLY_ACTIVE_ARCH = YES;
				SDKROOT = iphoneos;
				SWIFT_ACTIVE_COMPILATION_CONDITIONS = DEBUG;
				SWIFT_OPTIMIZATION_LEVEL = "-Onone";
			};
			name = Debug;
		};
		8A3FD6242A4C1062005D94B9 /* Release */ = {
			isa = XCBuildConfiguration;
			buildSettings = {
				ALWAYS_SEARCH_USER_PATHS = NO;
				CLANG_ANALYZER_NONNULL = YES;
				CLANG_ANALYZER_NUMBER_OBJECT_CONVERSION = YES_AGGRESSIVE;
				CLANG_CXX_LANGUAGE_STANDARD = "gnu++20";
				CLANG_ENABLE_MODULES = YES;
				CLANG_ENABLE_OBJC_ARC = YES;
				CLANG_ENABLE_OBJC_WEAK = YES;
				CLANG_WARN_BLOCK_CAPTURE_AUTORELEASING = YES;
				CLANG_WARN_BOOL_CONVERSION = YES;
				CLANG_WARN_COMMA = YES;
				CLANG_WARN_CONSTANT_CONVERSION = YES;
				CLANG_WARN_DEPRECATED_OBJC_IMPLEMENTATIONS = YES;
				CLANG_WARN_DIRECT_OBJC_ISA_USAGE = YES_ERROR;
				CLANG_WARN_DOCUMENTATION_COMMENTS = YES;
				CLANG_WARN_EMPTY_BODY = YES;
				CLANG_WARN_ENUM_CONVERSION = YES;
				CLANG_WARN_INFINITE_RECURSION = YES;
				CLANG_WARN_INT_CONVERSION = YES;
				CLANG_WARN_NON_LITERAL_NULL_CONVERSION = YES;
				CLANG_WARN_OBJC_IMPLICIT_RETAIN_SELF = YES;
				CLANG_WARN_OBJC_LITERAL_CONVERSION = YES;
				CLANG_WARN_OBJC_ROOT_CLASS = YES_ERROR;
				CLANG_WARN_QUOTED_INCLUDE_IN_FRAMEWORK_HEADER = YES;
				CLANG_WARN_RANGE_LOOP_ANALYSIS = YES;
				CLANG_WARN_STRICT_PROTOTYPES = YES;
				CLANG_WARN_SUSPICIOUS_MOVE = YES;
				CLANG_WARN_UNGUARDED_AVAILABILITY = YES_AGGRESSIVE;
				CLANG_WARN_UNREACHABLE_CODE = YES;
				CLANG_WARN__DUPLICATE_METHOD_MATCH = YES;
				COPY_PHASE_STRIP = NO;
				DEBUG_INFORMATION_FORMAT = "dwarf-with-dsym";
				ENABLE_NS_ASSERTIONS = NO;
				ENABLE_STRICT_OBJC_MSGSEND = YES;
				GCC_C_LANGUAGE_STANDARD = gnu11;
				GCC_NO_COMMON_BLOCKS = YES;
				GCC_WARN_64_TO_32_BIT_CONVERSION = YES;
				GCC_WARN_ABOUT_RETURN_TYPE = YES_ERROR;
				GCC_WARN_UNDECLARED_SELECTOR = YES;
				GCC_WARN_UNINITIALIZED_AUTOS = YES_AGGRESSIVE;
				GCC_WARN_UNUSED_FUNCTION = YES;
				GCC_WARN_UNUSED_VARIABLE = YES;
				IPHONEOS_DEPLOYMENT_TARGET = 16.4;
				MTL_ENABLE_DEBUG_INFO = NO;
				MTL_FAST_MATH = YES;
				SDKROOT = iphoneos;
				SWIFT_COMPILATION_MODE = wholemodule;
				SWIFT_OPTIMIZATION_LEVEL = "-O";
				VALIDATE_PRODUCT = YES;
			};
			name = Release;
		};
		8A3FD6262A4C1062005D94B9 /* Debug */ = {
			isa = XCBuildConfiguration;
			buildSettings = {
				ASSETCATALOG_COMPILER_APPICON_NAME = AppIcon;
				ASSETCATALOG_COMPILER_GLOBAL_ACCENT_COLOR_NAME = AccentColor;
				CODE_SIGN_STYLE = Automatic;
				CURRENT_PROJECT_VERSION = 1;
				DEVELOPMENT_TEAM = JNYZF4BBNC;
				GENERATE_INFOPLIST_FILE = YES;
				INFOPLIST_FILE = NetflixDiaryApp/Info.plist;
				INFOPLIST_KEY_UIApplicationSupportsIndirectInputEvents = YES;
				INFOPLIST_KEY_UILaunchStoryboardName = LaunchScreen;
				INFOPLIST_KEY_UISupportedInterfaceOrientations_iPad = "UIInterfaceOrientationPortrait UIInterfaceOrientationPortraitUpsideDown UIInterfaceOrientationLandscapeLeft UIInterfaceOrientationLandscapeRight";
				INFOPLIST_KEY_UISupportedInterfaceOrientations_iPhone = "UIInterfaceOrientationPortrait UIInterfaceOrientationLandscapeLeft UIInterfaceOrientationLandscapeRight";
				LD_RUNPATH_SEARCH_PATHS = (
					"$(inherited)",
					"@executable_path/Frameworks",
				);
				MARKETING_VERSION = 1.0;
				PRODUCT_BUNDLE_IDENTIFIER = sik.NetflixDiaryApp;
				PRODUCT_NAME = "$(TARGET_NAME)";
				SWIFT_EMIT_LOC_STRINGS = YES;
				SWIFT_VERSION = 5.0;
				TARGETED_DEVICE_FAMILY = "1,2";
			};
			name = Debug;
		};
		8A3FD6272A4C1062005D94B9 /* Release */ = {
			isa = XCBuildConfiguration;
			buildSettings = {
				ASSETCATALOG_COMPILER_APPICON_NAME = AppIcon;
				ASSETCATALOG_COMPILER_GLOBAL_ACCENT_COLOR_NAME = AccentColor;
				CODE_SIGN_STYLE = Automatic;
				CURRENT_PROJECT_VERSION = 1;
				DEVELOPMENT_TEAM = JNYZF4BBNC;
				GENERATE_INFOPLIST_FILE = YES;
				INFOPLIST_FILE = NetflixDiaryApp/Info.plist;
				INFOPLIST_KEY_UIApplicationSupportsIndirectInputEvents = YES;
				INFOPLIST_KEY_UILaunchStoryboardName = LaunchScreen;
				INFOPLIST_KEY_UISupportedInterfaceOrientations_iPad = "UIInterfaceOrientationPortrait UIInterfaceOrientationPortraitUpsideDown UIInterfaceOrientationLandscapeLeft UIInterfaceOrientationLandscapeRight";
				INFOPLIST_KEY_UISupportedInterfaceOrientations_iPhone = "UIInterfaceOrientationPortrait UIInterfaceOrientationLandscapeLeft UIInterfaceOrientationLandscapeRight";
				LD_RUNPATH_SEARCH_PATHS = (
					"$(inherited)",
					"@executable_path/Frameworks",
				);
				MARKETING_VERSION = 1.0;
				PRODUCT_BUNDLE_IDENTIFIER = sik.NetflixDiaryApp;
				PRODUCT_NAME = "$(TARGET_NAME)";
				SWIFT_EMIT_LOC_STRINGS = YES;
				SWIFT_VERSION = 5.0;
				TARGETED_DEVICE_FAMILY = "1,2";
			};
			name = Release;
		};
/* End XCBuildConfiguration section */

/* Begin XCConfigurationList section */
		8A3FD60C2A4C1061005D94B9 /* Build configuration list for PBXProject "NetflixDiaryApp" */ = {
			isa = XCConfigurationList;
			buildConfigurations = (
				8A3FD6232A4C1062005D94B9 /* Debug */,
				8A3FD6242A4C1062005D94B9 /* Release */,
			);
			defaultConfigurationIsVisible = 0;
			defaultConfigurationName = Release;
		};
		8A3FD6252A4C1062005D94B9 /* Build configuration list for PBXNativeTarget "NetflixDiaryApp" */ = {
			isa = XCConfigurationList;
			buildConfigurations = (
				8A3FD6262A4C1062005D94B9 /* Debug */,
				8A3FD6272A4C1062005D94B9 /* Release */,
			);
			defaultConfigurationIsVisible = 0;
			defaultConfigurationName = Release;
		};
/* End XCConfigurationList section */

/* Begin XCRemoteSwiftPackageReference section */
		8A3FD6342A4D440E005D94B9 /* XCRemoteSwiftPackageReference "lottie-ios" */ = {
			isa = XCRemoteSwiftPackageReference;
			repositoryURL = "https://github.com/airbnb/lottie-ios";
			requirement = {
				kind = upToNextMajorVersion;
				minimumVersion = 4.0.0;
			};
		};
		8ACC66422A541B4600C9B66A /* XCRemoteSwiftPackageReference "realm-swift" */ = {
			isa = XCRemoteSwiftPackageReference;
			repositoryURL = "https://github.com/realm/realm-swift.git";
			requirement = {
				branch = master;
				kind = branch;
			};
		};
		8ACC664C2A543B3C00C9B66A /* XCRemoteSwiftPackageReference "Kingfisher" */ = {
			isa = XCRemoteSwiftPackageReference;
			repositoryURL = "https://github.com/onevcat/Kingfisher.git";
			requirement = {
				kind = upToNextMajorVersion;
				minimumVersion = 7.0.0;
			};
		};
/* End XCRemoteSwiftPackageReference section */

/* Begin XCSwiftPackageProductDependency section */
		8A3FD6352A4D440E005D94B9 /* Lottie */ = {
			isa = XCSwiftPackageProductDependency;
			package = 8A3FD6342A4D440E005D94B9 /* XCRemoteSwiftPackageReference "lottie-ios" */;
			productName = Lottie;
		};
		8ACC66432A541B4600C9B66A /* Realm */ = {
			isa = XCSwiftPackageProductDependency;
			package = 8ACC66422A541B4600C9B66A /* XCRemoteSwiftPackageReference "realm-swift" */;
			productName = Realm;
		};
		8ACC66452A541B4600C9B66A /* RealmSwift */ = {
			isa = XCSwiftPackageProductDependency;
			package = 8ACC66422A541B4600C9B66A /* XCRemoteSwiftPackageReference "realm-swift" */;
			productName = RealmSwift;
		};
		8ACC664D2A543B3C00C9B66A /* Kingfisher */ = {
			isa = XCSwiftPackageProductDependency;
			package = 8ACC664C2A543B3C00C9B66A /* XCRemoteSwiftPackageReference "Kingfisher" */;
			productName = Kingfisher;
		};
/* End XCSwiftPackageProductDependency section */
	};
	rootObject = 8A3FD6092A4C1061005D94B9 /* Project object */;
}
